// !$*UTF8*$!
{
	archiveVersion = 1;
	classes = {
	};
	objectVersion = 77;
	objects = {

/* Begin PBXContainerItemProxy section */
		946C15112E7314AB00C51BAA /* PBXContainerItemProxy */ = {
			isa = PBXContainerItemProxy;
			containerPortal = 946C14F32E7314A900C51BAA /* Project object */;
			proxyType = 1;
			remoteGlobalIDString = 946C14FA2E7314A900C51BAA;
			remoteInfo = "Idiom Quest";
		};
		946C151B2E7314AB00C51BAA /* PBXContainerItemProxy */ = {
			isa = PBXContainerItemProxy;
			containerPortal = 946C14F32E7314A900C51BAA /* Project object */;
			proxyType = 1;
			remoteGlobalIDString = 946C14FA2E7314A900C51BAA;
			remoteInfo = "Idiom Quest";
		};
/* End PBXContainerItemProxy section */

/* Begin PBXFileReference section */
		946C14FB2E7314A900C51BAA /* Idiom Quest.app */ = {isa = PBXFileReference; explicitFileType = wrapper.application; includeInIndex = 0; path = "Idiom Quest.app"; sourceTree = BUILT_PRODUCTS_DIR; };
		946C15102E7314AB00C51BAA /* Idiom QuestTests.xctest */ = {isa = PBXFileReference; explicitFileType = wrapper.cfbundle; includeInIndex = 0; path = "Idiom QuestTests.xctest"; sourceTree = BUILT_PRODUCTS_DIR; };
		946C151A2E7314AB00C51BAA /* Idiom QuestUITests.xctest */ = {isa = PBXFileReference; explicitFileType = wrapper.cfbundle; includeInIndex = 0; path = "Idiom QuestUITests.xctest"; sourceTree = BUILT_PRODUCTS_DIR; };
/* End PBXFileReference section */

/* Begin PBXFileSystemSynchronizedRootGroup section */
		946C14FD2E7314A900C51BAA /* Idiom Quest */ = {
			isa = PBXFileSystemSynchronizedRootGroup;
			path = "Idiom Quest";
			sourceTree = "<group>";
		};
		946C15132E7314AB00C51BAA /* Idiom QuestTests */ = {
			isa = PBXFileSystemSynchronizedRootGroup;
			path = "Idiom QuestTests";
			sourceTree = "<group>";
		};
		946C151D2E7314AB00C51BAA /* Idiom QuestUITests */ = {
			isa = PBXFileSystemSynchronizedRootGroup;
			path = "Idiom QuestUITests";
			sourceTree = "<group>";
		};
/* End PBXFileSystemSynchronizedRootGroup section */

/* Begin PBXFrameworksBuildPhase section */
		946C14F82E7314A900C51BAA /* Frameworks */ = {
			isa = PBXFrameworksBuildPhase;
			buildActionMask = 2147483647;
			files = (
			);
			runOnlyForDeploymentPostprocessing = 0;
		};
		946C150D2E7314AB00C51BAA /* Frameworks */ = {
			isa = PBXFrameworksBuildPhase;
			buildActionMask = 2147483647;
			files = (
			);
			runOnlyForDeploymentPostprocessing = 0;
		};
		946C15172E7314AB00C51BAA /* Frameworks */ = {
			isa = PBXFrameworksBuildPhase;
			buildActionMask = 2147483647;
			files = (
			);
			runOnlyForDeploymentPostprocessing = 0;
		};
/* End PBXFrameworksBuildPhase section */

/* Begin PBXGroup section */
		946C14F22E7314A900C51BAA = {
			isa = PBXGroup;
			children = (
				946C14FD2E7314A900C51BAA /* Idiom Quest */,
				946C15132E7314AB00C51BAA /* Idiom QuestTests */,
				946C151D2E7314AB00C51BAA /* Idiom QuestUITests */,
				946C14FC2E7314A900C51BAA /* Products */,
			);
			sourceTree = "<group>";
		};
		946C14FC2E7314A900C51BAA /* Products */ = {
			isa = PBXGroup;
			children = (
				946C14FB2E7314A900C51BAA /* Idiom Quest.app */,
				946C15102E7314AB00C51BAA /* Idiom QuestTests.xctest */,
				946C151A2E7314AB00C51BAA /* Idiom QuestUITests.xctest */,
			);
			name = Products;
			sourceTree = "<group>";
		};
/* End PBXGroup section */

/* Begin PBXNativeTarget section */
		946C14FA2E7314A900C51BAA /* Idiom Quest */ = {
			isa = PBXNativeTarget;
			buildConfigurationList = 946C15242E7314AB00C51BAA /* Build configuration list for PBXNativeTarget "Idiom Quest" */;
			buildPhases = (
				946C14F72E7314A900C51BAA /* Sources */,
				946C14F82E7314A900C51BAA /* Frameworks */,
				946C14F92E7314A900C51BAA /* Resources */,
			);
			buildRules = (
			);
			dependencies = (
			);
			fileSystemSynchronizedGroups = (
				946C14FD2E7314A900C51BAA /* Idiom Quest */,
			);
			name = "Idiom Quest";
			packageProductDependencies = (
			);
			productName = "Idiom Quest";
			productReference = 946C14FB2E7314A900C51BAA /* Idiom Quest.app */;
			productType = "com.apple.product-type.application";
		};
		946C150F2E7314AB00C51BAA /* Idiom QuestTests */ = {
			isa = PBXNativeTarget;
			buildConfigurationList = 946C15272E7314AB00C51BAA /* Build configuration list for PBXNativeTarget "Idiom QuestTests" */;
			buildPhases = (
				946C150C2E7314AB00C51BAA /* Sources */,
				946C150D2E7314AB00C51BAA /* Frameworks */,
				946C150E2E7314AB00C51BAA /* Resources */,
			);
			buildRules = (
			);
			dependencies = (
				946C15122E7314AB00C51BAA /* PBXTargetDependency */,
			);
			fileSystemSynchronizedGroups = (
				946C15132E7314AB00C51BAA /* Idiom QuestTests */,
			);
			name = "Idiom QuestTests";
			packageProductDependencies = (
			);
			productName = "Idiom QuestTests";
			productReference = 946C15102E7314AB00C51BAA /* Idiom QuestTests.xctest */;
			productType = "com.apple.product-type.bundle.unit-test";
		};
		946C15192E7314AB00C51BAA /* Idiom QuestUITests */ = {
			isa = PBXNativeTarget;
			buildConfigurationList = 946C152A2E7314AB00C51BAA /* Build configuration list for PBXNativeTarget "Idiom QuestUITests" */;
			buildPhases = (
				946C15162E7314AB00C51BAA /* Sources */,
				946C15172E7314AB00C51BAA /* Frameworks */,
				946C15182E7314AB00C51BAA /* Resources */,
			);
			buildRules = (
			);
			dependencies = (
				946C151C2E7314AB00C51BAA /* PBXTargetDependency */,
			);
			fileSystemSynchronizedGroups = (
				946C151D2E7314AB00C51BAA /* Idiom QuestUITests */,
			);
			name = "Idiom QuestUITests";
			packageProductDependencies = (
			);
			productName = "Idiom QuestUITests";
			productReference = 946C151A2E7314AB00C51BAA /* Idiom QuestUITests.xctest */;
			productType = "com.apple.product-type.bundle.ui-testing";
		};
/* End PBXNativeTarget section */

/* Begin PBXProject section */
		946C14F32E7314A900C51BAA /* Project object */ = {
			isa = PBXProject;
			attributes = {
				BuildIndependentTargetsInParallel = 1;
				LastSwiftUpdateCheck = 1620;
				LastUpgradeCheck = 1620;
				TargetAttributes = {
					946C14FA2E7314A900C51BAA = {
						CreatedOnToolsVersion = 16.2;
					};
					946C150F2E7314AB00C51BAA = {
						CreatedOnToolsVersion = 16.2;
						TestTargetID = 946C14FA2E7314A900C51BAA;
					};
					946C15192E7314AB00C51BAA = {
						CreatedOnToolsVersion = 16.2;
						TestTargetID = 946C14FA2E7314A900C51BAA;
					};
				};
			};
			buildConfigurationList = 946C14F62E7314A900C51BAA /* Build configuration list for PBXProject "Idiom Quest" */;
			developmentRegion = "zh-Hant";
			hasScannedForEncodings = 0;
			knownRegions = (
				Base,
				"zh-Hant",
				"zh-Hans",
			);
			mainGroup = 946C14F22E7314A900C51BAA;
			minimizedProjectReferenceProxies = 1;
			preferredProjectObjectVersion = 77;
			productRefGroup = 946C14FC2E7314A900C51BAA /* Products */;
			projectDirPath = "";
			projectRoot = "";
			targets = (
				946C14FA2E7314A900C51BAA /* Idiom Quest */,
				946C150F2E7314AB00C51BAA /* Idiom QuestTests */,
				946C15192E7314AB00C51BAA /* Idiom QuestUITests */,
			);
		};
/* End PBXProject section */

/* Begin PBXResourcesBuildPhase section */
		946C14F92E7314A900C51BAA /* Resources */ = {
			isa = PBXResourcesBuildPhase;
			buildActionMask = 2147483647;
			files = (
			);
			runOnlyForDeploymentPostprocessing = 0;
		};
		946C150E2E7314AB00C51BAA /* Resources */ = {
			isa = PBXResourcesBuildPhase;
			buildActionMask = 2147483647;
			files = (
			);
			runOnlyForDeploymentPostprocessing = 0;
		};
		946C15182E7314AB00C51BAA /* Resources */ = {
			isa = PBXResourcesBuildPhase;
			buildActionMask = 2147483647;
			files = (
			);
			runOnlyForDeploymentPostprocessing = 0;
		};
/* End PBXResourcesBuildPhase section */

/* Begin PBXSourcesBuildPhase section */
		946C14F72E7314A900C51BAA /* Sources */ = {
			isa = PBXSourcesBuildPhase;
			buildActionMask = 2147483647;
			files = (
			);
			runOnlyForDeploymentPostprocessing = 0;
		};
		946C150C2E7314AB00C51BAA /* Sources */ = {
			isa = PBXSourcesBuildPhase;
			buildActionMask = 2147483647;
			files = (
			);
			runOnlyForDeploymentPostprocessing = 0;
		};
		946C15162E7314AB00C51BAA /* Sources */ = {
			isa = PBXSourcesBuildPhase;
			buildActionMask = 2147483647;
			files = (
			);
			runOnlyForDeploymentPostprocessing = 0;
		};
/* End PBXSourcesBuildPhase section */

/* Begin PBXTargetDependency section */
		946C15122E7314AB00C51BAA /* PBXTargetDependency */ = {
			isa = PBXTargetDependency;
			target = 946C14FA2E7314A900C51BAA /* Idiom Quest */;
			targetProxy = 946C15112E7314AB00C51BAA /* PBXContainerItemProxy */;
		};
		946C151C2E7314AB00C51BAA /* PBXTargetDependency */ = {
			isa = PBXTargetDependency;
			target = 946C14FA2E7314A900C51BAA /* Idiom Quest */;
			targetProxy = 946C151B2E7314AB00C51BAA /* PBXContainerItemProxy */;
		};
/* End PBXTargetDependency section */

/* Begin XCBuildConfiguration section */
		946C15222E7314AB00C51BAA /* Debug */ = {
			isa = XCBuildConfiguration;
			buildSettings = {
				ALWAYS_SEARCH_USER_PATHS = NO;
				ASSETCATALOG_COMPILER_GENERATE_SWIFT_ASSET_SYMBOL_EXTENSIONS = YES;
				CLANG_ANALYZER_NONNULL = YES;
				CLANG_ANALYZER_NUMBER_OBJECT_CONVERSION = YES_AGGRESSIVE;
				CLANG_CXX_LANGUAGE_STANDARD = "gnu++20";
				CLANG_ENABLE_MODULES = YES;
				CLANG_ENABLE_OBJC_ARC = YES;
				CLANG_ENABLE_OBJC_WEAK = YES;
				CLANG_WARN_BLOCK_CAPTURE_AUTORELEASING = YES;
				CLANG_WARN_BOOL_CONVERSION = YES;
				CLANG_WARN_COMMA = YES;
				CLANG_WARN_CONSTANT_CONVERSION = YES;
				CLANG_WARN_DEPRECATED_OBJC_IMPLEMENTATIONS = YES;
				CLANG_WARN_DIRECT_OBJC_ISA_USAGE = YES_ERROR;
				CLANG_WARN_DOCUMENTATION_COMMENTS = YES;
				CLANG_WARN_EMPTY_BODY = YES;
				CLANG_WARN_ENUM_CONVERSION = YES;
				CLANG_WARN_INFINITE_RECURSION = YES;
				CLANG_WARN_INT_CONVERSION = YES;
				CLANG_WARN_NON_LITERAL_NULL_CONVERSION = YES;
				CLANG_WARN_OBJC_IMPLICIT_RETAIN_SELF = YES;
				CLANG_WARN_OBJC_LITERAL_CONVERSION = YES;
				CLANG_WARN_OBJC_ROOT_CLASS = YES_ERROR;
				CLANG_WARN_QUOTED_INCLUDE_IN_FRAMEWORK_HEADER = YES;
				CLANG_WARN_RANGE_LOOP_ANALYSIS = YES;
				CLANG_WARN_STRICT_PROTOTYPES = YES;
				CLANG_WARN_SUSPICIOUS_MOVE = YES;
				CLANG_WARN_UNGUARDED_AVAILABILITY = YES_AGGRESSIVE;
				CLANG_WARN_UNREACHABLE_CODE = YES;
				CLANG_WARN__DUPLICATE_METHOD_MATCH = YES;
				COPY_PHASE_STRIP = NO;
				DEBUG_INFORMATION_FORMAT = dwarf;
				ENABLE_STRICT_OBJC_MSGSEND = YES;
				ENABLE_TESTABILITY = YES;
				ENABLE_USER_SCRIPT_SANDBOXING = YES;
				GCC_C_LANGUAGE_STANDARD = gnu17;
				GCC_DYNAMIC_NO_PIC = NO;
				GCC_NO_COMMON_BLOCKS = YES;
				GCC_OPTIMIZATION_LEVEL = 0;
				GCC_PREPROCESSOR_DEFINITIONS = (
					"DEBUG=1",
					"$(inherited)",
				);
				GCC_WARN_64_TO_32_BIT_CONVERSION = YES;
				GCC_WARN_ABOUT_RETURN_TYPE = YES_ERROR;
				GCC_WARN_UNDECLARED_SELECTOR = YES;
				GCC_WARN_UNINITIALIZED_AUTOS = YES_AGGRESSIVE;
				GCC_WARN_UNUSED_FUNCTION = YES;
				GCC_WARN_UNUSED_VARIABLE = YES;
				IPHONEOS_DEPLOYMENT_TARGET = 18.2;
				LOCALIZATION_PREFERS_STRING_CATALOGS = YES;
				MTL_ENABLE_DEBUG_INFO = INCLUDE_SOURCE;
				MTL_FAST_MATH = YES;
				ONLY_ACTIVE_ARCH = YES;
				SDKROOT = iphoneos;
				SWIFT_ACTIVE_COMPILATION_CONDITIONS = "DEBUG $(inherited)";
				SWIFT_EMIT_LOC_STRINGS = YES;
				SWIFT_OPTIMIZATION_LEVEL = "-Onone";
			};
			name = Debug;
		};
		946C15232E7314AB00C51BAA /* Release */ = {
			isa = XCBuildConfiguration;
			buildSettings = {
				ALWAYS_SEARCH_USER_PATHS = NO;
				ASSETCATALOG_COMPILER_GENERATE_SWIFT_ASSET_SYMBOL_EXTENSIONS = YES;
				CLANG_ANALYZER_NONNULL = YES;
				CLANG_ANALYZER_NUMBER_OBJECT_CONVERSION = YES_AGGRESSIVE;
				CLANG_CXX_LANGUAGE_STANDARD = "gnu++20";
				CLANG_ENABLE_MODULES = YES;
				CLANG_ENABLE_OBJC_ARC = YES;
				CLANG_ENABLE_OBJC_WEAK = YES;
				CLANG_WARN_BLOCK_CAPTURE_AUTORELEASING = YES;
				CLANG_WARN_BOOL_CONVERSION = YES;
				CLANG_WARN_COMMA = YES;
				CLANG_WARN_CONSTANT_CONVERSION = YES;
				CLANG_WARN_DEPRECATED_OBJC_IMPLEMENTATIONS = YES;
				CLANG_WARN_DIRECT_OBJC_ISA_USAGE = YES_ERROR;
				CLANG_WARN_DOCUMENTATION_COMMENTS = YES;
				CLANG_WARN_EMPTY_BODY = YES;
				CLANG_WARN_ENUM_CONVERSION = YES;
				CLANG_WARN_INFINITE_RECURSION = YES;
				CLANG_WARN_INT_CONVERSION = YES;
				CLANG_WARN_NON_LITERAL_NULL_CONVERSION = YES;
				CLANG_WARN_OBJC_IMPLICIT_RETAIN_SELF = YES;
				CLANG_WARN_OBJC_LITERAL_CONVERSION = YES;
				CLANG_WARN_OBJC_ROOT_CLASS = YES_ERROR;
				CLANG_WARN_QUOTED_INCLUDE_IN_FRAMEWORK_HEADER = YES;
				CLANG_WARN_RANGE_LOOP_ANALYSIS = YES;
				CLANG_WARN_STRICT_PROTOTYPES = YES;
				CLANG_WARN_SUSPICIOUS_MOVE = YES;
				CLANG_WARN_UNGUARDED_AVAILABILITY = YES_AGGRESSIVE;
				CLANG_WARN_UNREACHABLE_CODE = YES;
				CLANG_WARN__DUPLICATE_METHOD_MATCH = YES;
				COPY_PHASE_STRIP = NO;
				DEBUG_INFORMATION_FORMAT = "dwarf-with-dsym";
				ENABLE_NS_ASSERTIONS = NO;
				ENABLE_STRICT_OBJC_MSGSEND = YES;
				ENABLE_USER_SCRIPT_SANDBOXING = YES;
				GCC_C_LANGUAGE_STANDARD = gnu17;
				GCC_NO_COMMON_BLOCKS = YES;
				GCC_WARN_64_TO_32_BIT_CONVERSION = YES;
				GCC_WARN_ABOUT_RETURN_TYPE = YES_ERROR;
				GCC_WARN_UNDECLARED_SELECTOR = YES;
				GCC_WARN_UNINITIALIZED_AUTOS = YES_AGGRESSIVE;
				GCC_WARN_UNUSED_FUNCTION = YES;
				GCC_WARN_UNUSED_VARIABLE = YES;
				IPHONEOS_DEPLOYMENT_TARGET = 18.2;
				LOCALIZATION_PREFERS_STRING_CATALOGS = YES;
				MTL_ENABLE_DEBUG_INFO = NO;
				MTL_FAST_MATH = YES;
				SDKROOT = iphoneos;
				SWIFT_COMPILATION_MODE = wholemodule;
				SWIFT_EMIT_LOC_STRINGS = YES;
				VALIDATE_PRODUCT = YES;
			};
			name = Release;
		};
		946C15252E7314AB00C51BAA /* Debug */ = {
			isa = XCBuildConfiguration;
			buildSettings = {
				ASSETCATALOG_COMPILER_APPICON_NAME = AppIcon;
				ASSETCATALOG_COMPILER_GLOBAL_ACCENT_COLOR_NAME = AccentColor;
				CODE_SIGN_STYLE = Automatic;
				CURRENT_PROJECT_VERSION = 1;
				DEVELOPMENT_ASSET_PATHS = "\"Idiom Quest/Preview Content\"";
				DEVELOPMENT_TEAM = 8S7DRG4SSH;
				ENABLE_PREVIEWS = YES;
				GENERATE_INFOPLIST_FILE = YES;
				INFOPLIST_KEY_CFBundleDisplayName = "成語探險";
				INFOPLIST_KEY_LSApplicationCategoryType = "public.app-category.education";
				INFOPLIST_KEY_UIApplicationSceneManifest_Generation = YES;
				INFOPLIST_KEY_UIApplicationSupportsIndirectInputEvents = YES;
				INFOPLIST_KEY_UILaunchScreen_Generation = YES;
				INFOPLIST_KEY_UISupportedInterfaceOrientations_iPad = "UIInterfaceOrientationPortrait UIInterfaceOrientationPortraitUpsideDown UIInterfaceOrientationLandscapeLeft UIInterfaceOrientationLandscapeRight";
				INFOPLIST_KEY_UISupportedInterfaceOrientations_iPhone = "UIInterfaceOrientationPortrait UIInterfaceOrientationLandscapeLeft UIInterfaceOrientationLandscapeRight";
				IPHONEOS_DEPLOYMENT_TARGET = 16.0;
				LD_RUNPATH_SEARCH_PATHS = (
					"$(inherited)",
					"@executable_path/Frameworks",
				);
				MARKETING_VERSION = 1.0.0;
				PRODUCT_BUNDLE_IDENTIFIER = "com.rayzhou.Idiom-Quest";
				PRODUCT_NAME = "$(TARGET_NAME)";
				SWIFT_EMIT_LOC_STRINGS = YES;
				SWIFT_VERSION = 5.0;
				TARGETED_DEVICE_FAMILY = "1,2";
			};
			name = Debug;
		};
		946C15262E7314AB00C51BAA /* Release */ = {
			isa = XCBuildConfiguration;
			buildSettings = {
				ASSETCATALOG_COMPILER_APPICON_NAME = AppIcon;
				ASSETCATALOG_COMPILER_GLOBAL_ACCENT_COLOR_NAME = AccentColor;
				CODE_SIGN_STYLE = Automatic;
				CURRENT_PROJECT_VERSION = 1;
				DEVELOPMENT_ASSET_PATHS = "\"Idiom Quest/Preview Content\"";
				DEVELOPMENT_TEAM = 8S7DRG4SSH;
				ENABLE_PREVIEWS = YES;
				GENERATE_INFOPLIST_FILE = YES;
				INFOPLIST_KEY_CFBundleDisplayName = "成語探險";
				INFOPLIST_KEY_LSApplicationCategoryType = "public.app-category.education";
				INFOPLIST_KEY_UIApplicationSceneManifest_Generation = YES;
				INFOPLIST_KEY_UIApplicationSupportsIndirectInputEvents = YES;
				INFOPLIST_KEY_UILaunchScreen_Generation = YES;
				INFOPLIST_KEY_UISupportedInterfaceOrientations_iPad = "UIInterfaceOrientationPortrait UIInterfaceOrientationPortraitUpsideDown UIInterfaceOrientationLandscapeLeft UIInterfaceOrientationLandscapeRight";
				INFOPLIST_KEY_UISupportedInterfaceOrientations_iPhone = "UIInterfaceOrientationPortrait UIInterfaceOrientationLandscapeLeft UIInterfaceOrientationLandscapeRight";
				IPHONEOS_DEPLOYMENT_TARGET = 16.0;
				LD_RUNPATH_SEARCH_PATHS = (
					"$(inherited)",
					"@executable_path/Frameworks",
				);
				MARKETING_VERSION = 1.0.0;
				PRODUCT_BUNDLE_IDENTIFIER = "com.rayzhou.Idiom-Quest";
				PRODUCT_NAME = "$(TARGET_NAME)";
				SWIFT_EMIT_LOC_STRINGS = YES;
				SWIFT_VERSION = 5.0;
				TARGETED_DEVICE_FAMILY = "1,2";
			};
			name = Release;
		};
		946C15282E7314AB00C51BAA /* Debug */ = {
			isa = XCBuildConfiguration;
			buildSettings = {
				BUNDLE_LOADER = "$(TEST_HOST)";
				CODE_SIGN_STYLE = Automatic;
				CURRENT_PROJECT_VERSION = 1;
				DEVELOPMENT_TEAM = 8S7DRG4SSH;
				GENERATE_INFOPLIST_FILE = YES;
				IPHONEOS_DEPLOYMENT_TARGET = 18.2;
				MARKETING_VERSION = 1.0;
				PRODUCT_BUNDLE_IDENTIFIER = "com.rayzhou.Idiom-QuestTests";
				PRODUCT_NAME = "$(TARGET_NAME)";
				SWIFT_EMIT_LOC_STRINGS = NO;
				SWIFT_VERSION = 5.0;
				TARGETED_DEVICE_FAMILY = "1,2";
				TEST_HOST = "$(BUILT_PRODUCTS_DIR)/Idiom Quest.app/$(BUNDLE_EXECUTABLE_FOLDER_PATH)/Idiom Quest";
			};
			name = Debug;
		};
		946C15292E7314AB00C51BAA /* Release */ = {
			isa = XCBuildConfiguration;
			buildSettings = {
				BUNDLE_LOADER = "$(TEST_HOST)";
				CODE_SIGN_STYLE = Automatic;
				CURRENT_PROJECT_VERSION = 1;
				DEVELOPMENT_TEAM = 8S7DRG4SSH;
				GENERATE_INFOPLIST_FILE = YES;
				IPHONEOS_DEPLOYMENT_TARGET = 18.2;
				MARKETING_VERSION = 1.0;
				PRODUCT_BUNDLE_IDENTIFIER = "com.rayzhou.Idiom-QuestTests";
				PRODUCT_NAME = "$(TARGET_NAME)";
				SWIFT_EMIT_LOC_STRINGS = NO;
				SWIFT_VERSION = 5.0;
				TARGETED_DEVICE_FAMILY = "1,2";
				TEST_HOST = "$(BUILT_PRODUCTS_DIR)/Idiom Quest.app/$(BUNDLE_EXECUTABLE_FOLDER_PATH)/Idiom Quest";
			};
			name = Release;
		};
		946C152B2E7314AB00C51BAA /* Debug */ = {
			isa = XCBuildConfiguration;
			buildSettings = {
				CODE_SIGN_STYLE = Automatic;
				CURRENT_PROJECT_VERSION = 1;
				DEVELOPMENT_TEAM = 8S7DRG4SSH;
				GENERATE_INFOPLIST_FILE = YES;
				MARKETING_VERSION = 1.0;
				PRODUCT_BUNDLE_IDENTIFIER = "com.rayzhou.Idiom-QuestUITests";
				PRODUCT_NAME = "$(TARGET_NAME)";
				SWIFT_EMIT_LOC_STRINGS = NO;
				SWIFT_VERSION = 5.0;
				TARGETED_DEVICE_FAMILY = "1,2";
				TEST_TARGET_NAME = "Idiom Quest";
			};
			name = Debug;
		};
		946C152C2E7314AB00C51BAA /* Release */ = {
			isa = XCBuildConfiguration;
			buildSettings = {
				CODE_SIGN_STYLE = Automatic;
				CURRENT_PROJECT_VERSION = 1;
				DEVELOPMENT_TEAM = 8S7DRG4SSH;
				GENERATE_INFOPLIST_FILE = YES;
				MARKETING_VERSION = 1.0;
				PRODUCT_BUNDLE_IDENTIFIER = "com.rayzhou.Idiom-QuestUITests";
				PRODUCT_NAME = "$(TARGET_NAME)";
				SWIFT_EMIT_LOC_STRINGS = NO;
				SWIFT_VERSION = 5.0;
				TARGETED_DEVICE_FAMILY = "1,2";
				TEST_TARGET_NAME = "Idiom Quest";
			};
			name = Release;
		};
/* End XCBuildConfiguration section */

/* Begin XCConfigurationList section */
		946C14F62E7314A900C51BAA /* Build configuration list for PBXProject "Idiom Quest" */ = {
			isa = XCConfigurationList;
			buildConfigurations = (
				946C15222E7314AB00C51BAA /* Debug */,
				946C15232E7314AB00C51BAA /* Release */,
			);
			defaultConfigurationIsVisible = 0;
			defaultConfigurationName = Release;
		};
		946C15242E7314AB00C51BAA /* Build configuration list for PBXNativeTarget "Idiom Quest" */ = {
			isa = XCConfigurationList;
			buildConfigurations = (
				946C15252E7314AB00C51BAA /* Debug */,
				946C15262E7314AB00C51BAA /* Release */,
			);
			defaultConfigurationIsVisible = 0;
			defaultConfigurationName = Release;
		};
		946C15272E7314AB00C51BAA /* Build configuration list for PBXNativeTarget "Idiom QuestTests" */ = {
			isa = XCConfigurationList;
			buildConfigurations = (
				946C15282E7314AB00C51BAA /* Debug */,
				946C15292E7314AB00C51BAA /* Release */,
			);
			defaultConfigurationIsVisible = 0;
			defaultConfigurationName = Release;
		};
		946C152A2E7314AB00C51BAA /* Build configuration list for PBXNativeTarget "Idiom QuestUITests" */ = {
			isa = XCConfigurationList;
			buildConfigurations = (
				946C152B2E7314AB00C51BAA /* Debug */,
				946C152C2E7314AB00C51BAA /* Release */,
			);
			defaultConfigurationIsVisible = 0;
			defaultConfigurationName = Release;
		};
/* End XCConfigurationList section */
	};
	rootObject = 946C14F32E7314A900C51BAA /* Project object */;
}
